
Microsoft Visual Studio Solution File, Format Version 12.00
# Visual Studio Version 16
VisualStudioVersion = 16.0.31321.278
MinimumVisualStudioVersion = 10.0.40219.1
Project("{FAE04EC0-301F-11D3-BF4B-00C04F79EFBC}") = "Int.TestHarness", "Int.TestHarness\Int.TestHarness.csproj", "{1C757315-493D-4BA0-93CF-57C237FFED28}"
EndProject
Global
	GlobalSection(SolutionConfigurationPlatforms) = preSolution
		Debug|Any CPU = Debug|Any CPU
		Release|Any CPU = Release|Any CPU
	EndGlobalSection
	GlobalSection(ProjectConfigurationPlatforms) = postSolution
		{1C757315-493D-4BA0-93CF-57C237FFED28}.Debug|Any CPU.ActiveCfg = Debug|Any CPU
		{1C757315-493D-4BA0-93CF-57C237FFED28}.Debug|Any CPU.Build.0 = Debug|Any CPU
		{1C757315-493D-4BA0-93CF-57C237FFED28}.Release|Any CPU.ActiveCfg = Release|Any CPU
		{1C757315-493D-4BA0-93CF-57C237FFED28}.Release|Any CPU.Build.0 = Release|Any CPU
	EndGlobalSection
	GlobalSection(SolutionProperties) = preSolution
		HideSolutionNode = FALSE
	EndGlobalSection
	GlobalSection(ExtensibilityGlobals) = postSolution
		SolutionGuid = {A1E5D60B-0469-4A72-AF0C-7D861F934656}
	EndGlobalSection
EndGlobal
